// !$*UTF8*$!
{
	archiveVersion = 1;
	classes = {
	};
	objectVersion = 46;
	objects = {

/* Begin PBXBuildFile section */
		10B87D201C870FD500AE7B59 /* Assets.xcassets in Resources */ = {isa = PBXBuildFile; fileRef = 10B87D1F1C870FD500AE7B59 /* Assets.xcassets */; };
		10B87D231C870FE400AE7B59 /* LaunchScreen.storyboard in Resources */ = {isa = PBXBuildFile; fileRef = 10B87D211C870FE400AE7B59 /* LaunchScreen.storyboard */; };
		10B87D261C870FF000AE7B59 /* Main.storyboard in Resources */ = {isa = PBXBuildFile; fileRef = 10B87D241C870FF000AE7B59 /* Main.storyboard */; };
		10B87D281C870FF700AE7B59 /* Info.plist in Resources */ = {isa = PBXBuildFile; fileRef = 10B87D271C870FF700AE7B59 /* Info.plist */; };
		10B87D2A1C870FFF00AE7B59 /* ViewController.swift in Sources */ = {isa = PBXBuildFile; fileRef = 10B87D291C870FFF00AE7B59 /* ViewController.swift */; };
		10B87D2C1C87100800AE7B59 /* AppDelegate.swift in Sources */ = {isa = PBXBuildFile; fileRef = 10B87D2B1C87100800AE7B59 /* AppDelegate.swift */; };
		10B87D311C87101000AE7B59 /* AVPageView.swift in Sources */ = {isa = PBXBuildFile; fileRef = 10B87D2E1C87101000AE7B59 /* AVPageView.swift */; };
		10B87D321C87101000AE7B59 /* AVPagingScrollView.swift in Sources */ = {isa = PBXBuildFile; fileRef = 10B87D301C87101000AE7B59 /* AVPagingScrollView.swift */; };
/* End PBXBuildFile section */

/* Begin PBXFileReference section */
		107B1D3D1C858AA100F771AF /* AVPagingScrollView.app */ = {isa = PBXFileReference; explicitFileType = wrapper.application; includeInIndex = 0; path = AVPagingScrollView.app; sourceTree = BUILT_PRODUCTS_DIR; };
		10B87D1F1C870FD500AE7B59 /* Assets.xcassets */ = {isa = PBXFileReference; lastKnownFileType = folder.assetcatalog; name = Assets.xcassets; path = AVPagingScrollViewDemo/Assets.xcassets; sourceTree = SOURCE_ROOT; };
		10B87D221C870FE400AE7B59 /* Base */ = {isa = PBXFileReference; lastKnownFileType = file.storyboard; name = Base; path = AVPagingScrollViewDemo/Base.lproj/LaunchScreen.storyboard; sourceTree = SOURCE_ROOT; };
		10B87D251C870FF000AE7B59 /* Base */ = {isa = PBXFileReference; lastKnownFileType = file.storyboard; name = Base; path = AVPagingScrollViewDemo/Base.lproj/Main.storyboard; sourceTree = SOURCE_ROOT; };
		10B87D271C870FF700AE7B59 /* Info.plist */ = {isa = PBXFileReference; fileEncoding = 4; lastKnownFileType = text.plist.xml; name = Info.plist; path = AVPagingScrollViewDemo/Info.plist; sourceTree = SOURCE_ROOT; };
		10B87D291C870FFF00AE7B59 /* ViewController.swift */ = {isa = PBXFileReference; fileEncoding = 4; lastKnownFileType = sourcecode.swift; name = ViewController.swift; path = AVPagingScrollViewDemo/ViewController.swift; sourceTree = SOURCE_ROOT; };
		10B87D2B1C87100800AE7B59 /* AppDelegate.swift */ = {isa = PBXFileReference; fileEncoding = 4; lastKnownFileType = sourcecode.swift; name = AppDelegate.swift; path = AVPagingScrollViewDemo/AppDelegate.swift; sourceTree = SOURCE_ROOT; };
		10B87D2E1C87101000AE7B59 /* AVPageView.swift */ = {isa = PBXFileReference; fileEncoding = 4; lastKnownFileType = sourcecode.swift; path = AVPageView.swift; sourceTree = "<group>"; };
		10B87D301C87101000AE7B59 /* AVPagingScrollView.swift */ = {isa = PBXFileReference; fileEncoding = 4; lastKnownFileType = sourcecode.swift; path = AVPagingScrollView.swift; sourceTree = "<group>"; };
/* End PBXFileReference section */

/* Begin PBXFrameworksBuildPhase section */
		107B1D3A1C858AA100F771AF /* Frameworks */ = {
			isa = PBXFrameworksBuildPhase;
			buildActionMask = 2147483647;
			files = (
			);
			runOnlyForDeploymentPostprocessing = 0;
		};
/* End PBXFrameworksBuildPhase section */

/* Begin PBXGroup section */
		107B1D341C858AA100F771AF = {
			isa = PBXGroup;
			children = (
				107B1D3F1C858AA100F771AF /* AVPagingScrollViewDemo */,
				107B1D3E1C858AA100F771AF /* Products */,
			);
			sourceTree = "<group>";
		};
		107B1D3E1C858AA100F771AF /* Products */ = {
			isa = PBXGroup;
			children = (
				107B1D3D1C858AA100F771AF /* AVPagingScrollView.app */,
			);
			name = Products;
			sourceTree = "<group>";
		};
		107B1D3F1C858AA100F771AF /* AVPagingScrollViewDemo */ = {
			isa = PBXGroup;
			children = (
				10B87D2B1C87100800AE7B59 /* AppDelegate.swift */,
				10B87D291C870FFF00AE7B59 /* ViewController.swift */,
				10B87D2D1C87101000AE7B59 /* AVPagingScrollView */,
				10B87D1F1C870FD500AE7B59 /* Assets.xcassets */,
				10B87D241C870FF000AE7B59 /* Main.storyboard */,
				10B87D211C870FE400AE7B59 /* LaunchScreen.storyboard */,
				10B87D271C870FF700AE7B59 /* Info.plist */,
			);
			name = AVPagingScrollViewDemo;
			path = AVPagingScrollView;
			sourceTree = "<group>";
		};
		10B87D2D1C87101000AE7B59 /* AVPagingScrollView */ = {
			isa = PBXGroup;
			children = (
				10B87D2E1C87101000AE7B59 /* AVPageView.swift */,
				10B87D301C87101000AE7B59 /* AVPagingScrollView.swift */,
			);
			name = AVPagingScrollView;
			sourceTree = "<group>";
		};
/* End PBXGroup section */

/* Begin PBXNativeTarget section */
		107B1D3C1C858AA100F771AF /* AVPagingScrollView */ = {
			isa = PBXNativeTarget;
			buildConfigurationList = 107B1D4F1C858AA100F771AF /* Build configuration list for PBXNativeTarget "AVPagingScrollView" */;
			buildPhases = (
				107B1D391C858AA100F771AF /* Sources */,
				107B1D3A1C858AA100F771AF /* Frameworks */,
				107B1D3B1C858AA100F771AF /* Resources */,
			);
			buildRules = (
			);
			dependencies = (
			);
			name = AVPagingScrollView;
			productName = AVPagingScrollView;
			productReference = 107B1D3D1C858AA100F771AF /* AVPagingScrollView.app */;
			productType = "com.apple.product-type.application";
		};
/* End PBXNativeTarget section */

/* Begin PBXProject section */
		107B1D351C858AA100F771AF /* Project object */ = {
			isa = PBXProject;
			attributes = {
				LastSwiftUpdateCheck = 0720;
				LastUpgradeCheck = 0720;
				ORGANIZATIONNAME = "Arpit Vishwakarma";
				TargetAttributes = {
					107B1D3C1C858AA100F771AF = {
						CreatedOnToolsVersion = 7.2;
					};
				};
			};
			buildConfigurationList = 107B1D381C858AA100F771AF /* Build configuration list for PBXProject "AVPagingScrollView" */;
			compatibilityVersion = "Xcode 3.2";
			developmentRegion = English;
			hasScannedForEncodings = 0;
			knownRegions = (
				en,
				Base,
			);
			mainGroup = 107B1D341C858AA100F771AF;
			productRefGroup = 107B1D3E1C858AA100F771AF /* Products */;
			projectDirPath = "";
			projectRoot = "";
			targets = (
				107B1D3C1C858AA100F771AF /* AVPagingScrollView */,
			);
		};
/* End PBXProject section */

/* Begin PBXResourcesBuildPhase section */
		107B1D3B1C858AA100F771AF /* Resources */ = {
			isa = PBXResourcesBuildPhase;
			buildActionMask = 2147483647;
			files = (
				10B87D281C870FF700AE7B59 /* Info.plist in Resources */,
				10B87D231C870FE400AE7B59 /* LaunchScreen.storyboard in Resources */,
				10B87D201C870FD500AE7B59 /* Assets.xcassets in Resources */,
				10B87D261C870FF000AE7B59 /* Main.storyboard in Resources */,
			);
			runOnlyForDeploymentPostprocessing = 0;
		};
/* End PBXResourcesBuildPhase section */

/* Begin PBXSourcesBuildPhase section */
		107B1D391C858AA100F771AF /* Sources */ = {
			isa = PBXSourcesBuildPhase;
			buildActionMask = 2147483647;
			files = (
				10B87D311C87101000AE7B59 /* AVPageView.swift in Sources */,
				10B87D2C1C87100800AE7B59 /* AppDelegate.swift in Sources */,
				10B87D321C87101000AE7B59 /* AVPagingScrollView.swift in Sources */,
				10B87D2A1C870FFF00AE7B59 /* ViewController.swift in Sources */,
			);
			runOnlyForDeploymentPostprocessing = 0;
		};
/* End PBXSourcesBuildPhase section */

/* Begin PBXVariantGroup section */
		10B87D211C870FE400AE7B59 /* LaunchScreen.storyboard */ = {
			isa = PBXVariantGroup;
			children = (
				10B87D221C870FE400AE7B59 /* Base */,
			);
			name = LaunchScreen.storyboard;
			sourceTree = "<group>";
		};
		10B87D241C870FF000AE7B59 /* Main.storyboard */ = {
			isa = PBXVariantGroup;
			children = (
				10B87D251C870FF000AE7B59 /* Base */,
			);
			name = Main.storyboard;
			sourceTree = "<group>";
		};
/* End PBXVariantGroup section */

/* Begin XCBuildConfiguration section */
		107B1D4D1C858AA100F771AF /* Debug */ = {
			isa = XCBuildConfiguration;
			buildSettings = {
				ALWAYS_SEARCH_USER_PATHS = NO;
				CLANG_CXX_LANGUAGE_STANDARD = "gnu++0x";
				CLANG_CXX_LIBRARY = "libc++";
				CLANG_ENABLE_MODULES = YES;
				CLANG_ENABLE_OBJC_ARC = YES;
				CLANG_WARN_BOOL_CONVERSION = YES;
				CLANG_WARN_CONSTANT_CONVERSION = YES;
				CLANG_WARN_DIRECT_OBJC_ISA_USAGE = YES_ERROR;
				CLANG_WARN_EMPTY_BODY = YES;
				CLANG_WARN_ENUM_CONVERSION = YES;
				CLANG_WARN_INT_CONVERSION = YES;
				CLANG_WARN_OBJC_ROOT_CLASS = YES_ERROR;
				CLANG_WARN_UNREACHABLE_CODE = YES;
				CLANG_WARN__DUPLICATE_METHOD_MATCH = YES;
				"CODE_SIGN_IDENTITY[sdk=iphoneos*]" = "iPhone Developer";
				COPY_PHASE_STRIP = NO;
				DEBUG_INFORMATION_FORMAT = dwarf;
				ENABLE_STRICT_OBJC_MSGSEND = YES;
				ENABLE_TESTABILITY = YES;
				GCC_C_LANGUAGE_STANDARD = gnu99;
				GCC_DYNAMIC_NO_PIC = NO;
				GCC_NO_COMMON_BLOCKS = YES;
				GCC_OPTIMIZATION_LEVEL = 0;
				GCC_PREPROCESSOR_DEFINITIONS = (
					"DEBUG=1",
					"$(inherited)",
				);
				GCC_WARN_64_TO_32_BIT_CONVERSION = YES;
				GCC_WARN_ABOUT_RETURN_TYPE = YES_ERROR;
				GCC_WARN_UNDECLARED_SELECTOR = YES;
				GCC_WARN_UNINITIALIZED_AUTOS = YES_AGGRESSIVE;
				GCC_WARN_UNUSED_FUNCTION = YES;
				GCC_WARN_UNUSED_VARIABLE = YES;
				IPHONEOS_DEPLOYMENT_TARGET = 9.2;
				MTL_ENABLE_DEBUG_INFO = YES;
				ONLY_ACTIVE_ARCH = YES;
				SDKROOT = iphoneos;
				SWIFT_OBJC_BRIDGING_HEADER = "";
				SWIFT_OPTIMIZATION_LEVEL = "-Onone";
			};
			name = Debug;
		};
		107B1D4E1C858AA100F771AF /* Release */ = {
			isa = XCBuildConfiguration;
			buildSettings = {
				ALWAYS_SEARCH_USER_PATHS = NO;
				CLANG_CXX_LANGUAGE_STANDARD = "gnu++0x";
				CLANG_CXX_LIBRARY = "libc++";
				CLANG_ENABLE_MODULES = YES;
				CLANG_ENABLE_OBJC_ARC = YES;
				CLANG_WARN_BOOL_CONVERSION = YES;
				CLANG_WARN_CONSTANT_CONVERSION = YES;
				CLANG_WARN_DIRECT_OBJC_ISA_USAGE = YES_ERROR;
				CLANG_WARN_EMPTY_BODY = YES;
				CLANG_WARN_ENUM_CONVERSION = YES;
				CLANG_WARN_INT_CONVERSION = YES;
				CLANG_WARN_OBJC_ROOT_CLASS = YES_ERROR;
				CLANG_WARN_UNREACHABLE_CODE = YES;
				CLANG_WARN__DUPLICATE_METHOD_MATCH = YES;
				"CODE_SIGN_IDENTITY[sdk=iphoneos*]" = "iPhone Developer";
				COPY_PHASE_STRIP = NO;
				DEBUG_INFORMATION_FORMAT = "dwarf-with-dsym";
				ENABLE_NS_ASSERTIONS = NO;
				ENABLE_STRICT_OBJC_MSGSEND = YES;
				GCC_C_LANGUAGE_STANDARD = gnu99;
				GCC_NO_COMMON_BLOCKS = YES;
				GCC_WARN_64_TO_32_BIT_CONVERSION = YES;
				GCC_WARN_ABOUT_RETURN_TYPE = YES_ERROR;
				GCC_WARN_UNDECLARED_SELECTOR = YES;
				GCC_WARN_UNINITIALIZED_AUTOS = YES_AGGRESSIVE;
				GCC_WARN_UNUSED_FUNCTION = YES;
				GCC_WARN_UNUSED_VARIABLE = YES;
				IPHONEOS_DEPLOYMENT_TARGET = 9.2;
				MTL_ENABLE_DEBUG_INFO = NO;
				SDKROOT = iphoneos;
				SWIFT_OBJC_BRIDGING_HEADER = "";
				VALIDATE_PRODUCT = YES;
			};
			name = Release;
		};
		107B1D501C858AA100F771AF /* Debug */ = {
			isa = XCBuildConfiguration;
			buildSettings = {
				ASSETCATALOG_COMPILER_APPICON_NAME = AppIcon;
				CLANG_ENABLE_MODULES = YES;
				INFOPLIST_FILE = AVPagingScrollViewDemo/Info.plist;
				LD_RUNPATH_SEARCH_PATHS = "$(inherited) @executable_path/Frameworks";
				PRODUCT_BUNDLE_IDENTIFIER = com.Arpit.AVPagingScrollView;
				PRODUCT_NAME = "$(TARGET_NAME)";
				SWIFT_OBJC_BRIDGING_HEADER = "";
				SWIFT_OPTIMIZATION_LEVEL = "-Onone";
			};
			name = Debug;
		};
		107B1D511C858AA100F771AF /* Release */ = {
			isa = XCBuildConfiguration;
			buildSettings = {
				ASSETCATALOG_COMPILER_APPICON_NAME = AppIcon;
				CLANG_ENABLE_MODULES = YES;
				INFOPLIST_FILE = AVPagingScrollViewDemo/Info.plist;
				LD_RUNPATH_SEARCH_PATHS = "$(inherited) @executable_path/Frameworks";
				PRODUCT_BUNDLE_IDENTIFIER = com.Arpit.AVPagingScrollView;
				PRODUCT_NAME = "$(TARGET_NAME)";
				SWIFT_OBJC_BRIDGING_HEADER = "";
			};
			name = Release;
		};
/* End XCBuildConfiguration section */

/* Begin XCConfigurationList section */
		107B1D381C858AA100F771AF /* Build configuration list for PBXProject "AVPagingScrollView" */ = {
			isa = XCConfigurationList;
			buildConfigurations = (
				107B1D4D1C858AA100F771AF /* Debug */,
				107B1D4E1C858AA100F771AF /* Release */,
			);
			defaultConfigurationIsVisible = 0;
			defaultConfigurationName = Release;
		};
		107B1D4F1C858AA100F771AF /* Build configuration list for PBXNativeTarget "AVPagingScrollView" */ = {
			isa = XCConfigurationList;
			buildConfigurations = (
				107B1D501C858AA100F771AF /* Debug */,
				107B1D511C858AA100F771AF /* Release */,
			);
			defaultConfigurationIsVisible = 0;
			defaultConfigurationName = Release;
		};
/* End XCConfigurationList section */
	};
	rootObject = 107B1D351C858AA100F771AF /* Project object */;
}
